<?xml version="1.0" encoding="utf-8"?>
<Project ToolsVersion="4.0" xmlns="http://schemas.microsoft.com/developer/msbuild/2003">
  <ItemGroup>
    <Filter Include="ヘッダファイル">
      <UniqueIdentifier>{1d9fa5e7-7f7a-4ef3-ae5a-f18e1c3d9f82}</UniqueIdentifier>
    </Filter>
    <Filter Include="ソースファイル">
      <UniqueIdentifier>{903ce033-4242-45b0-bcfa-f402e0775613}</UniqueIdentifier>
    </Filter>
  </ItemGroup>
  <ItemGroup>
    <ClCompile Include="Source\bg.cpp">
      <Filter>ソースファイル</Filter>
    </ClCompile>
    <ClCompile Include="Source\bubble.cpp">
      <Filter>ソースファイル</Filter>
    </ClCompile>
    <ClCompile Include="Source\editor.cpp">
      <Filter>ソースファイル</Filter>
    </ClCompile>
    <ClCompile Include="Source\Elastic.cpp">
      <Filter>ソースファイル</Filter>
    </ClCompile>
    <ClCompile Include="Source\file.cpp">
      <Filter>ソースファイル</Filter>
    </ClCompile>
    <ClCompile Include="Source\goals.cpp">
      <Filter>ソースファイル</Filter>
    </ClCompile>
    <ClCompile Include="Source\input.cpp">
      <Filter>ソースファイル</Filter>
    </ClCompile>
    <ClCompile Include="Source\main.cpp">
      <Filter>ソースファイル</Filter>
    </ClCompile>
    <ClCompile Include="Source\manage.cpp">
      <Filter>ソースファイル</Filter>
    </ClCompile>
    <ClCompile Include="Source\map.cpp">
      <Filter>ソースファイル</Filter>
    </ClCompile>
    <ClCompile Include="Source\Quint.cpp">
      <Filter>ソースファイル</Filter>
    </ClCompile>
    <ClCompile Include="Source\scene_migration.cpp">
      <Filter>ソースファイル</Filter>
    </ClCompile>
    <ClCompile Include="Source\stage_select.cpp">
      <Filter>ソースファイル</Filter>
    </ClCompile>
    <ClCompile Include="Source\system.cpp">
      <Filter>ソースファイル</Filter>
    </ClCompile>
    <ClCompile Include="Source\UI.cpp">
      <Filter>ソースファイル</Filter>
    </ClCompile>
    <ClCompile Include="Source\water_current.cpp">
      <Filter>ソースファイル</Filter>
    </ClCompile>
    <ClCompile Include="Source\waterSource.cpp">
      <Filter>ソースファイル</Filter>
    </ClCompile>
  </ItemGroup>
  <ItemGroup>
    <ClInclude Include="Source\bg.h">
      <Filter>ヘッダファイル</Filter>
    </ClInclude>
    <ClInclude Include="Source\bubble.h">
      <Filter>ヘッダファイル</Filter>
    </ClInclude>
    <ClInclude Include="Source\common.h">
      <Filter>ヘッダファイル</Filter>
    </ClInclude>
    <ClInclude Include="Source\editor.h">
      <Filter>ヘッダファイル</Filter>
    </ClInclude>
    <ClInclude Include="Source\Elastic.h">
      <Filter>ヘッダファイル</Filter>
    </ClInclude>
    <ClInclude Include="Source\file.h">
      <Filter>ヘッダファイル</Filter>
    </ClInclude>
    <ClInclude Include="Source\goals.h">
      <Filter>ヘッダファイル</Filter>
    </ClInclude>
    <ClInclude Include="Source\input.h">
      <Filter>ヘッダファイル</Filter>
    </ClInclude>
    <ClInclude Include="Source\main.h">
      <Filter>ヘッダファイル</Filter>
    </ClInclude>
    <ClInclude Include="Source\manage.h">
      <Filter>ヘッダファイル</Filter>
    </ClInclude>
    <ClInclude Include="Source\map.h">
      <Filter>ヘッダファイル</Filter>
    </ClInclude>
    <ClInclude Include="Source\Quint.h">
      <Filter>ヘッダファイル</Filter>
    </ClInclude>
    <ClInclude Include="Source\scene_migration.h">
      <Filter>ヘッダファイル</Filter>
    </ClInclude>
    <ClInclude Include="Source\singleton.h">
      <Filter>ヘッダファイル</Filter>
    </ClInclude>
    <ClInclude Include="Source\stage_select.h">
      <Filter>ヘッダファイル</Filter>
    </ClInclude>
    <ClInclude Include="Source\system.h">
      <Filter>ヘッダファイル</Filter>
    </ClInclude>
    <ClInclude Include="Source\UI.h">
      <Filter>ヘッダファイル</Filter>
    </ClInclude>
    <ClInclude Include="Source\vec2.h">
      <Filter>ヘッダファイル</Filter>
    </ClInclude>
    <ClInclude Include="Source\water_current.h">
      <Filter>ヘッダファイル</Filter>
    </ClInclude>
    <ClInclude Include="Source\waterSource.h">
      <Filter>ヘッダファイル</Filter>
    </ClInclude>
  </ItemGroup>
</Project>